
Microsoft Visual Studio Solution File, Format Version 12.00
# Visual Studio Version 17
VisualStudioVersion = 17.3.32819.101
MinimumVisualStudioVersion = 10.0.40219.1
Project("{8BC9CEB8-8B4A-11D0-8D11-00A0C91BC942}") = "PC1 Progra II Example 2", "PC1 Progra II Example 2.vcxproj", "{9904B692-68AF-4071-9380-588D3DF26FF5}"
EndProject
Global
	GlobalSection(SolutionConfigurationPlatforms) = preSolution
		Debug|x64 = Debug|x64
		Debug|x86 = Debug|x86
		Release|x64 = Release|x64
		Release|x86 = Release|x86
	EndGlobalSection
	GlobalSection(ProjectConfigurationPlatforms) = postSolution
		{9904B692-68AF-4071-9380-588D3DF26FF5}.Debug|x64.ActiveCfg = Debug|x64
		{9904B692-68AF-4071-9380-588D3DF26FF5}.Debug|x64.Build.0 = Debug|x64
		{9904B692-68AF-4071-9380-588D3DF26FF5}.Debug|x86.ActiveCfg = Debug|Win32
		{9904B692-68AF-4071-9380-588D3DF26FF5}.Debug|x86.Build.0 = Debug|Win32
		{9904B692-68AF-4071-9380-588D3DF26FF5}.Release|x64.ActiveCfg = Release|x64
		{9904B692-68AF-4071-9380-588D3DF26FF5}.Release|x64.Build.0 = Release|x64
		{9904B692-68AF-4071-9380-588D3DF26FF5}.Release|x86.ActiveCfg = Release|Win32
		{9904B692-68AF-4071-9380-588D3DF26FF5}.Release|x86.Build.0 = Release|Win32
	EndGlobalSection
	GlobalSection(SolutionProperties) = preSolution
		HideSolutionNode = FALSE
	EndGlobalSection
	GlobalSection(ExtensibilityGlobals) = postSolution
		SolutionGuid = {2CAE477C-7A6F-429F-BE98-4327F7B1F938}
	EndGlobalSection
EndGlobal
